
Microsoft Visual Studio Solution File, Format Version 12.00
# Visual Studio Version 17
VisualStudioVersion = 17.9.34622.214
MinimumVisualStudioVersion = 10.0.40219.1
Project("{FAE04EC0-301F-11D3-BF4B-00C04F79EFBC}") = "ShopApi", "ShopApi\ShopApi.csproj", "{BDBABFAF-0D79-465A-88E6-CE4EE28E14A8}"
EndProject
Global
	GlobalSection(SolutionConfigurationPlatforms) = preSolution
		Debug|Any CPU = Debug|Any CPU
		Release|Any CPU = Release|Any CPU
	EndGlobalSection
	GlobalSection(ProjectConfigurationPlatforms) = postSolution
		{BDBABFAF-0D79-465A-88E6-CE4EE28E14A8}.Debug|Any CPU.ActiveCfg = Debug|Any CPU
		{BDBABFAF-0D79-465A-88E6-CE4EE28E14A8}.Debug|Any CPU.Build.0 = Debug|Any CPU
		{BDBABFAF-0D79-465A-88E6-CE4EE28E14A8}.Release|Any CPU.ActiveCfg = Release|Any CPU
		{BDBABFAF-0D79-465A-88E6-CE4EE28E14A8}.Release|Any CPU.Build.0 = Release|Any CPU
	EndGlobalSection
	GlobalSection(SolutionProperties) = preSolution
		HideSolutionNode = FALSE
	EndGlobalSection
	GlobalSection(ExtensibilityGlobals) = postSolution
		SolutionGuid = {073B1508-8E6A-47C1-A73A-17DD8557059D}
	EndGlobalSection
EndGlobal
