
Microsoft Visual Studio Solution File, Format Version 12.00
# Visual Studio Version 17
VisualStudioVersion = 17.9.34622.214
MinimumVisualStudioVersion = 10.0.40219.1
Project("{FAE04EC0-301F-11D3-BF4B-00C04F79EFBC}") = "racing_webApp", "racing_webApp\racing_webApp.csproj", "{255C447A-78ED-401A-9107-CB48F17959A4}"
EndProject
Global
	GlobalSection(SolutionConfigurationPlatforms) = preSolution
		Debug|Any CPU = Debug|Any CPU
		Release|Any CPU = Release|Any CPU
	EndGlobalSection
	GlobalSection(ProjectConfigurationPlatforms) = postSolution
		{255C447A-78ED-401A-9107-CB48F17959A4}.Debug|Any CPU.ActiveCfg = Debug|Any CPU
		{255C447A-78ED-401A-9107-CB48F17959A4}.Debug|Any CPU.Build.0 = Debug|Any CPU
		{255C447A-78ED-401A-9107-CB48F17959A4}.Release|Any CPU.ActiveCfg = Release|Any CPU
		{255C447A-78ED-401A-9107-CB48F17959A4}.Release|Any CPU.Build.0 = Release|Any CPU
	EndGlobalSection
	GlobalSection(SolutionProperties) = preSolution
		HideSolutionNode = FALSE
	EndGlobalSection
	GlobalSection(ExtensibilityGlobals) = postSolution
		SolutionGuid = {EDC051A1-0A4E-400F-B0A4-CBA9AC4D044D}
	EndGlobalSection
EndGlobal
